
Microsoft Visual Studio Solution File, Format Version 12.00
# Visual Studio Version 17
VisualStudioVersion = 17.9.34728.123
MinimumVisualStudioVersion = 10.0.40219.1
Project("{FAE04EC0-301F-11D3-BF4B-00C04F79EFBC}") = "Vetenary", "Vetenary\Vetenary.csproj", "{60BF5643-7E07-480B-8443-ACE031A5D39D}"
EndProject
Global
	GlobalSection(SolutionConfigurationPlatforms) = preSolution
		Debug|Any CPU = Debug|Any CPU
		Release|Any CPU = Release|Any CPU
	EndGlobalSection
	GlobalSection(ProjectConfigurationPlatforms) = postSolution
		{60BF5643-7E07-480B-8443-ACE031A5D39D}.Debug|Any CPU.ActiveCfg = Debug|Any CPU
		{60BF5643-7E07-480B-8443-ACE031A5D39D}.Debug|Any CPU.Build.0 = Debug|Any CPU
		{60BF5643-7E07-480B-8443-ACE031A5D39D}.Release|Any CPU.ActiveCfg = Release|Any CPU
		{60BF5643-7E07-480B-8443-ACE031A5D39D}.Release|Any CPU.Build.0 = Release|Any CPU
	EndGlobalSection
	GlobalSection(SolutionProperties) = preSolution
		HideSolutionNode = FALSE
	EndGlobalSection
	GlobalSection(ExtensibilityGlobals) = postSolution
		SolutionGuid = {1A97898B-0E06-4091-B4CB-19C4BEC8611E}
	EndGlobalSection
EndGlobal
